
Microsoft Visual Studio Solution File, Format Version 12.00
# Visual Studio Version 16
VisualStudioVersion = 16.0.30104.148
MinimumVisualStudioVersion = 10.0.40219.1
Project("{9A19103F-16F7-4668-BE54-9A1E7A4F7556}") = "FacilityStatsSite", "FacilityStatsSite\FacilityStatsSite.csproj", "{98D05F96-97FD-4D48-B643-7442547736BD}"
EndProject
Global
	GlobalSection(SolutionConfigurationPlatforms) = preSolution
		Debug|Any CPU = Debug|Any CPU
		Release|Any CPU = Release|Any CPU
	EndGlobalSection
	GlobalSection(ProjectConfigurationPlatforms) = postSolution
		{98D05F96-97FD-4D48-B643-7442547736BD}.Debug|Any CPU.ActiveCfg = Debug|Any CPU
		{98D05F96-97FD-4D48-B643-7442547736BD}.Debug|Any CPU.Build.0 = Debug|Any CPU
		{98D05F96-97FD-4D48-B643-7442547736BD}.Release|Any CPU.ActiveCfg = Release|Any CPU
		{98D05F96-97FD-4D48-B643-7442547736BD}.Release|Any CPU.Build.0 = Release|Any CPU
	EndGlobalSection
	GlobalSection(SolutionProperties) = preSolution
		HideSolutionNode = FALSE
	EndGlobalSection
	GlobalSection(ExtensibilityGlobals) = postSolution
		SolutionGuid = {5000EDB4-F61D-4429-8A91-E17D342FD9B3}
	EndGlobalSection
EndGlobal
